
Microsoft Visual Studio Solution File, Format Version 12.00
# Visual Studio 15
Project("{FAE04EC0-301F-11D3-BF4B-00C04F79EFBC}") = "Assembly-CSharp", "Assembly-CSharp.csproj", "{93F25D81-5BC2-B379-DBA7-84D69AA8E7BF}"
EndProject
Project("{FAE04EC0-301F-11D3-BF4B-00C04F79EFBC}") = "Assembly-CSharp-Editor", "Assembly-CSharp-Editor.csproj", "{7F86FD3B-E19A-ED93-B35F-6885161BEF91}"
EndProject
Global
	GlobalSection(SolutionConfigurationPlatforms) = preSolution
		Debug|Any CPU = Debug|Any CPU
		Release|Any CPU = Release|Any CPU
	EndGlobalSection
	GlobalSection(ProjectConfigurationPlatforms) = postSolution
		{93F25D81-5BC2-B379-DBA7-84D69AA8E7BF}.Debug|Any CPU.ActiveCfg = Debug|Any CPU
		{93F25D81-5BC2-B379-DBA7-84D69AA8E7BF}.Debug|Any CPU.Build.0 = Debug|Any CPU
		{93F25D81-5BC2-B379-DBA7-84D69AA8E7BF}.Release|Any CPU.ActiveCfg = Release|Any CPU
		{93F25D81-5BC2-B379-DBA7-84D69AA8E7BF}.Release|Any CPU.Build.0 = Release|Any CPU
		{7F86FD3B-E19A-ED93-B35F-6885161BEF91}.Debug|Any CPU.ActiveCfg = Debug|Any CPU
		{7F86FD3B-E19A-ED93-B35F-6885161BEF91}.Debug|Any CPU.Build.0 = Debug|Any CPU
		{7F86FD3B-E19A-ED93-B35F-6885161BEF91}.Release|Any CPU.ActiveCfg = Release|Any CPU
		{7F86FD3B-E19A-ED93-B35F-6885161BEF91}.Release|Any CPU.Build.0 = Release|Any CPU
	EndGlobalSection
	GlobalSection(SolutionProperties) = preSolution
		HideSolutionNode = FALSE
	EndGlobalSection
EndGlobal
